
Microsoft Visual Studio Solution File, Format Version 12.00
# Visual Studio Version 16
VisualStudioVersion = 16.0.29230.47
MinimumVisualStudioVersion = 10.0.40219.1
Project("{FAE04EC0-301F-11D3-BF4B-00C04F79EFBC}") = "MatrixMult", "MatrixMult\MatrixMult.csproj", "{76C1B237-0236-4974-BA2A-ACC1262309FA}"
EndProject
Global
	GlobalSection(SolutionConfigurationPlatforms) = preSolution
		Debug|Any CPU = Debug|Any CPU
		Release|Any CPU = Release|Any CPU
	EndGlobalSection
	GlobalSection(ProjectConfigurationPlatforms) = postSolution
		{76C1B237-0236-4974-BA2A-ACC1262309FA}.Debug|Any CPU.ActiveCfg = Debug|Any CPU
		{76C1B237-0236-4974-BA2A-ACC1262309FA}.Debug|Any CPU.Build.0 = Debug|Any CPU
		{76C1B237-0236-4974-BA2A-ACC1262309FA}.Release|Any CPU.ActiveCfg = Release|Any CPU
		{76C1B237-0236-4974-BA2A-ACC1262309FA}.Release|Any CPU.Build.0 = Release|Any CPU
	EndGlobalSection
	GlobalSection(SolutionProperties) = preSolution
		HideSolutionNode = FALSE
	EndGlobalSection
	GlobalSection(ExtensibilityGlobals) = postSolution
		SolutionGuid = {10664041-4BED-4162-B8B4-39EDBFCA26F0}
	EndGlobalSection
EndGlobal
